
Microsoft Visual Studio Solution File, Format Version 12.00
Project("{FAE04EC0-301F-11D3-BF4B-00C04F79EFBC}") = "MyCollections", "MyCollections\MyCollections.csproj", "{08A1FA8B-29EF-49DD-9FB3-A560CB5C71EF}"
EndProject
Project("{FAE04EC0-301F-11D3-BF4B-00C04F79EFBC}") = "Emojis", "..\Emojis\Emojis\Emojis.csproj", "{B85088B8-C9BD-417C-8AB1-4F0AC3B17B54}"
EndProject
Global
	GlobalSection(SolutionConfigurationPlatforms) = preSolution
		Debug|Any CPU = Debug|Any CPU
		Release|Any CPU = Release|Any CPU
	EndGlobalSection
	GlobalSection(ProjectConfigurationPlatforms) = postSolution
		{08A1FA8B-29EF-49DD-9FB3-A560CB5C71EF}.Debug|Any CPU.ActiveCfg = Debug|Any CPU
		{08A1FA8B-29EF-49DD-9FB3-A560CB5C71EF}.Debug|Any CPU.Build.0 = Debug|Any CPU
		{08A1FA8B-29EF-49DD-9FB3-A560CB5C71EF}.Release|Any CPU.ActiveCfg = Release|Any CPU
		{08A1FA8B-29EF-49DD-9FB3-A560CB5C71EF}.Release|Any CPU.Build.0 = Release|Any CPU
		{B85088B8-C9BD-417C-8AB1-4F0AC3B17B54}.Debug|Any CPU.ActiveCfg = Debug|Any CPU
		{B85088B8-C9BD-417C-8AB1-4F0AC3B17B54}.Debug|Any CPU.Build.0 = Debug|Any CPU
		{B85088B8-C9BD-417C-8AB1-4F0AC3B17B54}.Release|Any CPU.ActiveCfg = Release|Any CPU
		{B85088B8-C9BD-417C-8AB1-4F0AC3B17B54}.Release|Any CPU.Build.0 = Release|Any CPU
	EndGlobalSection
EndGlobal
